
Microsoft Visual Studio Solution File, Format Version 12.00
# Visual Studio Version 16
VisualStudioVersion = 16.0.29709.97
MinimumVisualStudioVersion = 10.0.40219.1
Project("{FAE04EC0-301F-11D3-BF4B-00C04F79EFBC}") = "TCPServer", "TCPServer\TCPServer.csproj", "{8843904F-F686-422C-B47C-E1F32915A0A5}"
EndProject
Project("{FAE04EC0-301F-11D3-BF4B-00C04F79EFBC}") = "RFIDLogger", "RFIDLogger\RFIDLogger.csproj", "{3E550502-7A05-4311-9FC0-BC476F909F24}"
EndProject
Global
	GlobalSection(SolutionConfigurationPlatforms) = preSolution
		Debug|Any CPU = Debug|Any CPU
		Release|Any CPU = Release|Any CPU
	EndGlobalSection
	GlobalSection(ProjectConfigurationPlatforms) = postSolution
		{8843904F-F686-422C-B47C-E1F32915A0A5}.Debug|Any CPU.ActiveCfg = Debug|Any CPU
		{8843904F-F686-422C-B47C-E1F32915A0A5}.Debug|Any CPU.Build.0 = Debug|Any CPU
		{8843904F-F686-422C-B47C-E1F32915A0A5}.Release|Any CPU.ActiveCfg = Release|Any CPU
		{8843904F-F686-422C-B47C-E1F32915A0A5}.Release|Any CPU.Build.0 = Release|Any CPU
		{3E550502-7A05-4311-9FC0-BC476F909F24}.Debug|Any CPU.ActiveCfg = Debug|Any CPU
		{3E550502-7A05-4311-9FC0-BC476F909F24}.Debug|Any CPU.Build.0 = Debug|Any CPU
		{3E550502-7A05-4311-9FC0-BC476F909F24}.Release|Any CPU.ActiveCfg = Release|Any CPU
		{3E550502-7A05-4311-9FC0-BC476F909F24}.Release|Any CPU.Build.0 = Release|Any CPU
	EndGlobalSection
	GlobalSection(SolutionProperties) = preSolution
		HideSolutionNode = FALSE
	EndGlobalSection
	GlobalSection(ExtensibilityGlobals) = postSolution
		SolutionGuid = {54D1B402-0DD7-4745-9BEB-271D92589EA8}
	EndGlobalSection
EndGlobal
